
Microsoft Visual Studio Solution File, Format Version 11.00
# Visual Studio 2010
Project("{F2A71F9B-5D33-465A-A702-920D77279786}") = "FsXNASample", "FsXNASample\FsXNASample.fsproj", "{930CB00A-71A7-42B9-89F6-ED9FBBBA4A71}"
EndProject
Global
	GlobalSection(SolutionConfigurationPlatforms) = preSolution
		Debug|x86 = Debug|x86
		Release|x86 = Release|x86
	EndGlobalSection
	GlobalSection(ProjectConfigurationPlatforms) = postSolution
		{930CB00A-71A7-42B9-89F6-ED9FBBBA4A71}.Debug|x86.ActiveCfg = Debug|x86
		{930CB00A-71A7-42B9-89F6-ED9FBBBA4A71}.Debug|x86.Build.0 = Debug|x86
		{930CB00A-71A7-42B9-89F6-ED9FBBBA4A71}.Release|x86.ActiveCfg = Release|x86
		{930CB00A-71A7-42B9-89F6-ED9FBBBA4A71}.Release|x86.Build.0 = Release|x86
	EndGlobalSection
	GlobalSection(SolutionProperties) = preSolution
		HideSolutionNode = FALSE
	EndGlobalSection
EndGlobal
